<?xml version="1.0" encoding="utf-8"?>
<Project ToolsVersion="4.0" xmlns="http://schemas.microsoft.com/developer/msbuild/2003">
  <ItemGroup>
    <Filter Include="소스 파일">
      <UniqueIdentifier>{4FC737F1-C7A5-4376-A066-2A32D752A2FF}</UniqueIdentifier>
      <Extensions>cpp;c;cc;cxx;c++;cppm;ixx;def;odl;idl;hpj;bat;asm;asmx</Extensions>
    </Filter>
    <Filter Include="헤더 파일">
      <UniqueIdentifier>{93995380-89BD-4b04-88EB-625FBE52EBFB}</UniqueIdentifier>
      <Extensions>h;hh;hpp;hxx;h++;hm;inl;inc;ipp;xsd</Extensions>
    </Filter>
    <Filter Include="리소스 파일">
      <UniqueIdentifier>{67DA6AB6-F800-4c08-8B7A-83BB121AAD01}</UniqueIdentifier>
      <Extensions>rc;ico;cur;bmp;dlg;rc2;rct;bin;rgs;gif;jpg;jpeg;jpe;resx;tiff;tif;png;wav;mfcribbon-ms</Extensions>
    </Filter>
    <Filter Include="소스 파일\Player">
      <UniqueIdentifier>{e6bb8578-cfed-4f61-af14-c1172f17d085}</UniqueIdentifier>
    </Filter>
    <Filter Include="소스 파일\Main">
      <UniqueIdentifier>{07bb006b-2c80-428c-b449-a34730e34930}</UniqueIdentifier>
    </Filter>
    <Filter Include="소스 파일\Enemy">
      <UniqueIdentifier>{cff95196-80d1-4329-b042-fe5b8a2e6d04}</UniqueIdentifier>
    </Filter>
    <Filter Include="소스 파일\Enemy\Enemylist">
      <UniqueIdentifier>{b4c39917-8c7b-4ba5-ab8c-db36411ec284}</UniqueIdentifier>
    </Filter>
    <Filter Include="소스 파일\Player\Joblist">
      <UniqueIdentifier>{ed759791-31b6-430a-aa09-68b723cdfe84}</UniqueIdentifier>
    </Filter>
    <Filter Include="헤더 파일\PlayerH">
      <UniqueIdentifier>{ea02380b-49d1-42b5-a65a-f88421abaca5}</UniqueIdentifier>
    </Filter>
    <Filter Include="헤더 파일\PlayerH\JoblistH">
      <UniqueIdentifier>{a2e9d1b5-2499-42e1-8419-0ab0b36a3870}</UniqueIdentifier>
    </Filter>
    <Filter Include="헤더 파일\ItemH">
      <UniqueIdentifier>{bf28320c-00a8-4d0e-89c0-fe1d50850ee8}</UniqueIdentifier>
    </Filter>
    <Filter Include="헤더 파일\EnemyH">
      <UniqueIdentifier>{9ac50ce9-7b87-43cd-bd9a-f1356b964a62}</UniqueIdentifier>
    </Filter>
    <Filter Include="소스 파일\Item">
      <UniqueIdentifier>{02ac6a4f-f93b-4480-9262-489962b3d309}</UniqueIdentifier>
    </Filter>
  </ItemGroup>
  <ItemGroup>
    <ClCompile Include="Battle.cpp">
      <Filter>소스 파일</Filter>
    </ClCompile>
    <ClCompile Include="Archer.cpp">
      <Filter>소스 파일\Player\Joblist</Filter>
    </ClCompile>
    <ClCompile Include="Thief.cpp">
      <Filter>소스 파일\Player\Joblist</Filter>
    </ClCompile>
    <ClCompile Include="Warrior.cpp">
      <Filter>소스 파일\Player\Joblist</Filter>
    </ClCompile>
    <ClCompile Include="Mage.cpp">
      <Filter>소스 파일\Player\Joblist</Filter>
    </ClCompile>
    <ClCompile Include="Character.cpp">
      <Filter>소스 파일\Player</Filter>
    </ClCompile>
    <ClCompile Include="TeamProject-Text-Console-RPG.cpp">
      <Filter>소스 파일\Main</Filter>
    </ClCompile>
    <ClCompile Include="Monster.cpp">
      <Filter>소스 파일\Enemy</Filter>
    </ClCompile>
    <ClCompile Include="Goblin.cpp">
      <Filter>소스 파일\Enemy\Enemylist</Filter>
    </ClCompile>
    <ClCompile Include="Item.cpp">
      <Filter>소스 파일\Item</Filter>
    </ClCompile>
    <ClCompile Include="shop.cpp">
      <Filter>소스 파일\Item</Filter>
    </ClCompile>
    <ClCompile Include="Inventory.cpp">
      <Filter>소스 파일\Item</Filter>
    </ClCompile>
    <ClCompile Include="Archer.cpp">
      <Filter>소스 파일</Filter>
    </ClCompile>
    <ClCompile Include="Inventory.cpp">
      <Filter>소스 파일</Filter>
    </ClCompile>
    <ClCompile Include="Item.cpp">
      <Filter>소스 파일</Filter>
    </ClCompile>
    <ClCompile Include="Mage.cpp">
      <Filter>소스 파일</Filter>
    </ClCompile>
    <ClCompile Include="shop.cpp">
      <Filter>소스 파일</Filter>
    </ClCompile>
    <ClCompile Include="Thief.cpp">
      <Filter>소스 파일</Filter>
    </ClCompile>
    <ClCompile Include="Warrior.cpp">
      <Filter>소스 파일</Filter>
    </ClCompile>
    <ClCompile Include="UIManager.cpp">
      <Filter>소스 파일</Filter>
    </ClCompile>
    <ClCompile Include="AchievementManager.cpp">
      <Filter>소스 파일</Filter>
    </ClCompile>
  </ItemGroup>
  <ItemGroup>
    <ClInclude Include="GameManager.h">
      <Filter>헤더 파일</Filter>
    </ClInclude>
    <ClInclude Include="Archer.h">
      <Filter>헤더 파일\PlayerH\JoblistH</Filter>
    </ClInclude>
    <ClInclude Include="Mage.h">
      <Filter>헤더 파일\PlayerH\JoblistH</Filter>
    </ClInclude>
    <ClInclude Include="Thief.h">
      <Filter>헤더 파일\PlayerH\JoblistH</Filter>
    </ClInclude>
    <ClInclude Include="Warrior.h">
      <Filter>헤더 파일\PlayerH\JoblistH</Filter>
    </ClInclude>
    <ClInclude Include="Monster.h">
      <Filter>헤더 파일\EnemyH</Filter>
    </ClInclude>
    <ClInclude Include="Character.h">
      <Filter>헤더 파일\PlayerH</Filter>
    </ClInclude>
    <ClInclude Include="shop.h">
      <Filter>헤더 파일\ItemH</Filter>
    </ClInclude>
    <ClInclude Include="Header.h">
      <Filter>헤더 파일\ItemH</Filter>
    </ClInclude>
    <ClInclude Include="Inventory.h">
      <Filter>헤더 파일\ItemH</Filter>
    </ClInclude>
    <ClInclude Include="Item.h">
      <Filter>헤더 파일\ItemH</Filter>
    </ClInclude>
    <ClInclude Include="ShopManager.h">
      <Filter>헤더 파일\ItemH</Filter>
    </ClInclude>
    <ClInclude Include="Warrior.h">
      <Filter>헤더 파일</Filter>
    </ClInclude>
    <ClInclude Include="Archer.h">
      <Filter>헤더 파일</Filter>
    </ClInclude>
    <ClInclude Include="Header.h">
      <Filter>헤더 파일</Filter>
    </ClInclude>
    <ClInclude Include="Inventory.h">
      <Filter>헤더 파일</Filter>
    </ClInclude>
    <ClInclude Include="Mage.h">
      <Filter>헤더 파일</Filter>
    </ClInclude>
    <ClInclude Include="shop.h">
      <Filter>헤더 파일</Filter>
    </ClInclude>
    <ClInclude Include="Thief.h">
      <Filter>헤더 파일</Filter>
    </ClInclude>
    <ClInclude Include="UIManager.h">
      <Filter>헤더 파일</Filter>
    </ClInclude>
    <ClInclude Include="AchievementManager.h">
      <Filter>헤더 파일</Filter>
    </ClInclude>
  </ItemGroup>
</Project>